
Microsoft Visual Studio Solution File, Format Version 12.00
# Visual Studio Version 16
VisualStudioVersion = 16.0.30503.244
MinimumVisualStudioVersion = 10.0.40219.1
Project("{FAE04EC0-301F-11D3-BF4B-00C04F79EFBC}") = "WPConstance", "WPConstance\WPConstance.csproj", "{33968BEC-6B4B-4A37-B107-83CCF2EA71F7}"
EndProject
Project("{FAE04EC0-301F-11D3-BF4B-00C04F79EFBC}") = "ConstanceRepo", "ConstanceRepo\ConstanceRepo.csproj", "{5232CA22-2C34-4BD0-97D5-D69904E384DC}"
EndProject
Global
	GlobalSection(SolutionConfigurationPlatforms) = preSolution
		Debug|Any CPU = Debug|Any CPU
		Release|Any CPU = Release|Any CPU
	EndGlobalSection
	GlobalSection(ProjectConfigurationPlatforms) = postSolution
		{33968BEC-6B4B-4A37-B107-83CCF2EA71F7}.Debug|Any CPU.ActiveCfg = Debug|Any CPU
		{33968BEC-6B4B-4A37-B107-83CCF2EA71F7}.Debug|Any CPU.Build.0 = Debug|Any CPU
		{33968BEC-6B4B-4A37-B107-83CCF2EA71F7}.Release|Any CPU.ActiveCfg = Release|Any CPU
		{33968BEC-6B4B-4A37-B107-83CCF2EA71F7}.Release|Any CPU.Build.0 = Release|Any CPU
		{5232CA22-2C34-4BD0-97D5-D69904E384DC}.Debug|Any CPU.ActiveCfg = Debug|Any CPU
		{5232CA22-2C34-4BD0-97D5-D69904E384DC}.Debug|Any CPU.Build.0 = Debug|Any CPU
		{5232CA22-2C34-4BD0-97D5-D69904E384DC}.Release|Any CPU.ActiveCfg = Release|Any CPU
		{5232CA22-2C34-4BD0-97D5-D69904E384DC}.Release|Any CPU.Build.0 = Release|Any CPU
	EndGlobalSection
	GlobalSection(SolutionProperties) = preSolution
		HideSolutionNode = FALSE
	EndGlobalSection
	GlobalSection(ExtensibilityGlobals) = postSolution
		SolutionGuid = {733B56D1-0899-4E06-9A70-DB1A088CAC4E}
	EndGlobalSection
EndGlobal
